
Microsoft Visual Studio Solution File, Format Version 12.00
Project("{FAE04EC0-301F-11D3-BF4B-00C04F79EFBC}") = "WordWrap", "WordWrap.csproj", "{51C21B07-A836-452E-A530-F15E5F1A43C9}"
EndProject
Global
	GlobalSection(SolutionConfigurationPlatforms) = preSolution
		Debug|Any CPU = Debug|Any CPU
		Release|Any CPU = Release|Any CPU
	EndGlobalSection
	GlobalSection(ProjectConfigurationPlatforms) = postSolution
		{51C21B07-A836-452E-A530-F15E5F1A43C9}.Debug|Any CPU.ActiveCfg = Debug|Any CPU
		{51C21B07-A836-452E-A530-F15E5F1A43C9}.Debug|Any CPU.Build.0 = Debug|Any CPU
		{51C21B07-A836-452E-A530-F15E5F1A43C9}.Release|Any CPU.ActiveCfg = Release|Any CPU
		{51C21B07-A836-452E-A530-F15E5F1A43C9}.Release|Any CPU.Build.0 = Release|Any CPU
	EndGlobalSection
EndGlobal
